
Microsoft Visual Studio Solution File, Format Version 12.00
# Visual Studio Version 17
VisualStudioVersion = 17.14.36310.24 d17.14
MinimumVisualStudioVersion = 10.0.40219.1
Project("{FAE04EC0-301F-11D3-BF4B-00C04F79EFBC}") = "EventForge.Server", "EventForge.Server\EventForge.Server.csproj", "{0F7FA136-14A3-4612-8711-5F46EEB15053}"
EndProject
Global
	GlobalSection(SolutionConfigurationPlatforms) = preSolution
		Debug|Any CPU = Debug|Any CPU
		Release|Any CPU = Release|Any CPU
	EndGlobalSection
	GlobalSection(ProjectConfigurationPlatforms) = postSolution
		{0F7FA136-14A3-4612-8711-5F46EEB15053}.Debug|Any CPU.ActiveCfg = Debug|Any CPU
		{0F7FA136-14A3-4612-8711-5F46EEB15053}.Debug|Any CPU.Build.0 = Debug|Any CPU
		{0F7FA136-14A3-4612-8711-5F46EEB15053}.Release|Any CPU.ActiveCfg = Release|Any CPU
		{0F7FA136-14A3-4612-8711-5F46EEB15053}.Release|Any CPU.Build.0 = Release|Any CPU
	EndGlobalSection
	GlobalSection(SolutionProperties) = preSolution
		HideSolutionNode = FALSE
	EndGlobalSection
	GlobalSection(ExtensibilityGlobals) = postSolution
		SolutionGuid = {1F6BCF0F-EE10-44E5-B6D5-5FAA47C2C11A}
	EndGlobalSection
EndGlobal
