{
  "name": "eventforge.client",
  "version": "1.0.0",
  "lockfileVersion": 3,
  "requires": true,
  "packages": {
    "": {
      "name": "eventforge.client",
      "version": "1.0.0",
      "hasInstallScript": true,
      "license": "ISC",
      "dependencies": {
        "qz-tray": "2.1.0"
      }
    },
    "node_modules/qz-tray": {
      "version": "2.1.0",
      "resolved": "https://registry.npmjs.org/qz-tray/-/qz-tray-2.1.0.tgz",
      "integrity": "sha512-7vE7aU5u2JYScEZyjh1PSg3N4r77YMx5zIuIIoXO2Xnz77cjpi2S5b3BiuNtIZ697kEkrcVASRIL+CE+pKAlcA==",
      "license": "LGPL-2.1"
    }
  }
}
